# THIS IS AN AUTOGENERATED FILE. DO NOT EDIT THIS FILE DIRECTLY.
# yarn lockfile v1


eslint-plugin-destructuring@^2.2.1:
  version "2.2.1"
  resolved "https://registry.yarnpkg.com/eslint-plugin-destructuring/-/eslint-plugin-destructuring-2.2.1.tgz#7c0681174699af03fd9fab4c9619fcad45156fbe"
  integrity sha512-I/jbm7E3xamiFqn8NLwyhZkDjCb0lTFIykNxIWwDwHsTlU+8hR4gDQmrXTWdyDHG9k1i2uFeHMhoMAtERNWp4w==
  dependencies:
    lodash.zipobject "^4.1.3"

lodash.zipobject@^4.1.3:
  version "4.1.3"
  resolved "https://registry.yarnpkg.com/lodash.zipobject/-/lodash.zipobject-4.1.3.tgz#b399f5aba8ff62a746f6979bf20b214f964dbef8"
  integrity sha512-A9SzX4hMKWS25MyalwcOnNoplyHbkNVsjidhTp8ru0Sj23wY9GWBKS8gAIGDSAqeWjIjvE4KBEl24XXAs+v4wQ==
